// !$*UTF8*$!
{
	archiveVersion = 1;
	classes = {
	};
	objectVersion = 77;
	objects = {

/* Begin PBXContainerItemProxy section */
		034152772E7CFCCC005A85E7 /* PBXContainerItemProxy */ = {
			isa = PBXContainerItemProxy;
			containerPortal = 0341525C2E7CFCCB005A85E7 /* Project object */;
			proxyType = 1;
			remoteGlobalIDString = 034152632E7CFCCB005A85E7;
			remoteInfo = CatLocator_iOS;
		};
		034152812E7CFCCC005A85E7 /* PBXContainerItemProxy */ = {
			isa = PBXContainerItemProxy;
			containerPortal = 0341525C2E7CFCCB005A85E7 /* Project object */;
			proxyType = 1;
			remoteGlobalIDString = 034152632E7CFCCB005A85E7;
			remoteInfo = CatLocator_iOS;
		};
/* End PBXContainerItemProxy section */

/* Begin PBXFileReference section */
		034152642E7CFCCB005A85E7 /* CatLocator_iOS.app */ = {isa = PBXFileReference; explicitFileType = wrapper.application; includeInIndex = 0; path = CatLocator_iOS.app; sourceTree = BUILT_PRODUCTS_DIR; };
		034152762E7CFCCC005A85E7 /* CatLocator_iOSTests.xctest */ = {isa = PBXFileReference; explicitFileType = wrapper.cfbundle; includeInIndex = 0; path = CatLocator_iOSTests.xctest; sourceTree = BUILT_PRODUCTS_DIR; };
		034152802E7CFCCC005A85E7 /* CatLocator_iOSUITests.xctest */ = {isa = PBXFileReference; explicitFileType = wrapper.cfbundle; includeInIndex = 0; path = CatLocator_iOSUITests.xctest; sourceTree = BUILT_PRODUCTS_DIR; };
/* End PBXFileReference section */

/* Begin PBXFileSystemSynchronizedRootGroup section */
		034152662E7CFCCB005A85E7 /* CatLocator_iOS */ = {
			isa = PBXFileSystemSynchronizedRootGroup;
			path = CatLocator_iOS;
			sourceTree = "<group>";
		};
		034152792E7CFCCC005A85E7 /* CatLocator_iOSTests */ = {
			isa = PBXFileSystemSynchronizedRootGroup;
			path = CatLocator_iOSTests;
			sourceTree = "<group>";
		};
		034152832E7CFCCC005A85E7 /* CatLocator_iOSUITests */ = {
			isa = PBXFileSystemSynchronizedRootGroup;
			path = CatLocator_iOSUITests;
			sourceTree = "<group>";
		};
/* End PBXFileSystemSynchronizedRootGroup section */

/* Begin PBXFrameworksBuildPhase section */
		034152612E7CFCCB005A85E7 /* Frameworks */ = {
			isa = PBXFrameworksBuildPhase;
			buildActionMask = 2147483647;
			files = (
			);
			runOnlyForDeploymentPostprocessing = 0;
		};
		034152732E7CFCCC005A85E7 /* Frameworks */ = {
			isa = PBXFrameworksBuildPhase;
			buildActionMask = 2147483647;
			files = (
			);
			runOnlyForDeploymentPostprocessing = 0;
		};
		0341527D2E7CFCCC005A85E7 /* Frameworks */ = {
			isa = PBXFrameworksBuildPhase;
			buildActionMask = 2147483647;
			files = (
			);
			runOnlyForDeploymentPostprocessing = 0;
		};
/* End PBXFrameworksBuildPhase section */

/* Begin PBXGroup section */
		0341525B2E7CFCCB005A85E7 = {
			isa = PBXGroup;
			children = (
				034152662E7CFCCB005A85E7 /* CatLocator_iOS */,
				034152792E7CFCCC005A85E7 /* CatLocator_iOSTests */,
				034152832E7CFCCC005A85E7 /* CatLocator_iOSUITests */,
				034152652E7CFCCB005A85E7 /* Products */,
			);
			sourceTree = "<group>";
		};
		034152652E7CFCCB005A85E7 /* Products */ = {
			isa = PBXGroup;
			children = (
				034152642E7CFCCB005A85E7 /* CatLocator_iOS.app */,
				034152762E7CFCCC005A85E7 /* CatLocator_iOSTests.xctest */,
				034152802E7CFCCC005A85E7 /* CatLocator_iOSUITests.xctest */,
			);
			name = Products;
			sourceTree = "<group>";
		};
/* End PBXGroup section */

/* Begin PBXNativeTarget section */
		034152632E7CFCCB005A85E7 /* CatLocator_iOS */ = {
			isa = PBXNativeTarget;
			buildConfigurationList = 0341528A2E7CFCCC005A85E7 /* Build configuration list for PBXNativeTarget "CatLocator_iOS" */;
			buildPhases = (
				034152602E7CFCCB005A85E7 /* Sources */,
				034152612E7CFCCB005A85E7 /* Frameworks */,
				034152622E7CFCCB005A85E7 /* Resources */,
			);
			buildRules = (
			);
			dependencies = (
			);
			fileSystemSynchronizedGroups = (
				034152662E7CFCCB005A85E7 /* CatLocator_iOS */,
			);
			name = CatLocator_iOS;
			packageProductDependencies = (
			);
			productName = CatLocator_iOS;
			productReference = 034152642E7CFCCB005A85E7 /* CatLocator_iOS.app */;
			productType = "com.apple.product-type.application";
		};
		034152752E7CFCCC005A85E7 /* CatLocator_iOSTests */ = {
			isa = PBXNativeTarget;
			buildConfigurationList = 0341528D2E7CFCCC005A85E7 /* Build configuration list for PBXNativeTarget "CatLocator_iOSTests" */;
			buildPhases = (
				034152722E7CFCCC005A85E7 /* Sources */,
				034152732E7CFCCC005A85E7 /* Frameworks */,
				034152742E7CFCCC005A85E7 /* Resources */,
			);
			buildRules = (
			);
			dependencies = (
				034152782E7CFCCC005A85E7 /* PBXTargetDependency */,
			);
			fileSystemSynchronizedGroups = (
				034152792E7CFCCC005A85E7 /* CatLocator_iOSTests */,
			);
			name = CatLocator_iOSTests;
			packageProductDependencies = (
			);
			productName = CatLocator_iOSTests;
			productReference = 034152762E7CFCCC005A85E7 /* CatLocator_iOSTests.xctest */;
			productType = "com.apple.product-type.bundle.unit-test";
		};
		0341527F2E7CFCCC005A85E7 /* CatLocator_iOSUITests */ = {
			isa = PBXNativeTarget;
			buildConfigurationList = 034152902E7CFCCC005A85E7 /* Build configuration list for PBXNativeTarget "CatLocator_iOSUITests" */;
			buildPhases = (
				0341527C2E7CFCCC005A85E7 /* Sources */,
				0341527D2E7CFCCC005A85E7 /* Frameworks */,
				0341527E2E7CFCCC005A85E7 /* Resources */,
			);
			buildRules = (
			);
			dependencies = (
				034152822E7CFCCC005A85E7 /* PBXTargetDependency */,
			);
			fileSystemSynchronizedGroups = (
				034152832E7CFCCC005A85E7 /* CatLocator_iOSUITests */,
			);
			name = CatLocator_iOSUITests;
			packageProductDependencies = (
			);
			productName = CatLocator_iOSUITests;
			productReference = 034152802E7CFCCC005A85E7 /* CatLocator_iOSUITests.xctest */;
			productType = "com.apple.product-type.bundle.ui-testing";
		};
/* End PBXNativeTarget section */

/* Begin PBXProject section */
		0341525C2E7CFCCB005A85E7 /* Project object */ = {
			isa = PBXProject;
			attributes = {
				BuildIndependentTargetsInParallel = 1;
				LastSwiftUpdateCheck = 1640;
				LastUpgradeCheck = 1640;
				TargetAttributes = {
					034152632E7CFCCB005A85E7 = {
						CreatedOnToolsVersion = 16.4;
					};
					034152752E7CFCCC005A85E7 = {
						CreatedOnToolsVersion = 16.4;
						TestTargetID = 034152632E7CFCCB005A85E7;
					};
					0341527F2E7CFCCC005A85E7 = {
						CreatedOnToolsVersion = 16.4;
						TestTargetID = 034152632E7CFCCB005A85E7;
					};
				};
			};
			buildConfigurationList = 0341525F2E7CFCCB005A85E7 /* Build configuration list for PBXProject "CatLocator_iOS" */;
			developmentRegion = en;
			hasScannedForEncodings = 0;
			knownRegions = (
				en,
				Base,
			);
			mainGroup = 0341525B2E7CFCCB005A85E7;
			minimizedProjectReferenceProxies = 1;
			preferredProjectObjectVersion = 77;
			productRefGroup = 034152652E7CFCCB005A85E7 /* Products */;
			projectDirPath = "";
			projectRoot = "";
			targets = (
				034152632E7CFCCB005A85E7 /* CatLocator_iOS */,
				034152752E7CFCCC005A85E7 /* CatLocator_iOSTests */,
				0341527F2E7CFCCC005A85E7 /* CatLocator_iOSUITests */,
			);
		};
/* End PBXProject section */

/* Begin PBXResourcesBuildPhase section */
		034152622E7CFCCB005A85E7 /* Resources */ = {
			isa = PBXResourcesBuildPhase;
			buildActionMask = 2147483647;
			files = (
			);
			runOnlyForDeploymentPostprocessing = 0;
		};
		034152742E7CFCCC005A85E7 /* Resources */ = {
			isa = PBXResourcesBuildPhase;
			buildActionMask = 2147483647;
			files = (
			);
			runOnlyForDeploymentPostprocessing = 0;
		};
		0341527E2E7CFCCC005A85E7 /* Resources */ = {
			isa = PBXResourcesBuildPhase;
			buildActionMask = 2147483647;
			files = (
			);
			runOnlyForDeploymentPostprocessing = 0;
		};
/* End PBXResourcesBuildPhase section */

/* Begin PBXSourcesBuildPhase section */
		034152602E7CFCCB005A85E7 /* Sources */ = {
			isa = PBXSourcesBuildPhase;
			buildActionMask = 2147483647;
			files = (
			);
			runOnlyForDeploymentPostprocessing = 0;
		};
		034152722E7CFCCC005A85E7 /* Sources */ = {
			isa = PBXSourcesBuildPhase;
			buildActionMask = 2147483647;
			files = (
			);
			runOnlyForDeploymentPostprocessing = 0;
		};
		0341527C2E7CFCCC005A85E7 /* Sources */ = {
			isa = PBXSourcesBuildPhase;
			buildActionMask = 2147483647;
			files = (
			);
			runOnlyForDeploymentPostprocessing = 0;
		};
/* End PBXSourcesBuildPhase section */

/* Begin PBXTargetDependency section */
		034152782E7CFCCC005A85E7 /* PBXTargetDependency */ = {
			isa = PBXTargetDependency;
			target = 034152632E7CFCCB005A85E7 /* CatLocator_iOS */;
			targetProxy = 034152772E7CFCCC005A85E7 /* PBXContainerItemProxy */;
		};
		034152822E7CFCCC005A85E7 /* PBXTargetDependency */ = {
			isa = PBXTargetDependency;
			target = 034152632E7CFCCB005A85E7 /* CatLocator_iOS */;
			targetProxy = 034152812E7CFCCC005A85E7 /* PBXContainerItemProxy */;
		};
/* End PBXTargetDependency section */

/* Begin XCBuildConfiguration section */
		034152882E7CFCCC005A85E7 /* Debug */ = {
			isa = XCBuildConfiguration;
			buildSettings = {
				ALWAYS_SEARCH_USER_PATHS = NO;
				ASSETCATALOG_COMPILER_GENERATE_SWIFT_ASSET_SYMBOL_EXTENSIONS = YES;
				CLANG_ANALYZER_NONNULL = YES;
				CLANG_ANALYZER_NUMBER_OBJECT_CONVERSION = YES_AGGRESSIVE;
				CLANG_CXX_LANGUAGE_STANDARD = "gnu++20";
				CLANG_ENABLE_MODULES = YES;
				CLANG_ENABLE_OBJC_ARC = YES;
				CLANG_ENABLE_OBJC_WEAK = YES;
				CLANG_WARN_BLOCK_CAPTURE_AUTORELEASING = YES;
				CLANG_WARN_BOOL_CONVERSION = YES;
				CLANG_WARN_COMMA = YES;
				CLANG_WARN_CONSTANT_CONVERSION = YES;
				CLANG_WARN_DEPRECATED_OBJC_IMPLEMENTATIONS = YES;
				CLANG_WARN_DIRECT_OBJC_ISA_USAGE = YES_ERROR;
				CLANG_WARN_DOCUMENTATION_COMMENTS = YES;
				CLANG_WARN_EMPTY_BODY = YES;
				CLANG_WARN_ENUM_CONVERSION = YES;
				CLANG_WARN_INFINITE_RECURSION = YES;
				CLANG_WARN_INT_CONVERSION = YES;
				CLANG_WARN_NON_LITERAL_NULL_CONVERSION = YES;
				CLANG_WARN_OBJC_IMPLICIT_RETAIN_SELF = YES;
				CLANG_WARN_OBJC_LITERAL_CONVERSION = YES;
				CLANG_WARN_OBJC_ROOT_CLASS = YES_ERROR;
				CLANG_WARN_QUOTED_INCLUDE_IN_FRAMEWORK_HEADER = YES;
				CLANG_WARN_RANGE_LOOP_ANALYSIS = YES;
				CLANG_WARN_STRICT_PROTOTYPES = YES;
				CLANG_WARN_SUSPICIOUS_MOVE = YES;
				CLANG_WARN_UNGUARDED_AVAILABILITY = YES_AGGRESSIVE;
				CLANG_WARN_UNREACHABLE_CODE = YES;
				CLANG_WARN__DUPLICATE_METHOD_MATCH = YES;
				COPY_PHASE_STRIP = NO;
				DEBUG_INFORMATION_FORMAT = dwarf;
				DEVELOPMENT_TEAM = 4ASTQP4ERL;
				ENABLE_STRICT_OBJC_MSGSEND = YES;
				ENABLE_TESTABILITY = YES;
				ENABLE_USER_SCRIPT_SANDBOXING = YES;
				GCC_C_LANGUAGE_STANDARD = gnu17;
				GCC_DYNAMIC_NO_PIC = NO;
				GCC_NO_COMMON_BLOCKS = YES;
				GCC_OPTIMIZATION_LEVEL = 0;
				GCC_PREPROCESSOR_DEFINITIONS = (
					"DEBUG=1",
					"$(inherited)",
				);
				GCC_WARN_64_TO_32_BIT_CONVERSION = YES;
				GCC_WARN_ABOUT_RETURN_TYPE = YES_ERROR;
				GCC_WARN_UNDECLARED_SELECTOR = YES;
				GCC_WARN_UNINITIALIZED_AUTOS = YES_AGGRESSIVE;
				GCC_WARN_UNUSED_FUNCTION = YES;
				GCC_WARN_UNUSED_VARIABLE = YES;
				IPHONEOS_DEPLOYMENT_TARGET = 18.5;
				LOCALIZATION_PREFERS_STRING_CATALOGS = YES;
				MTL_ENABLE_DEBUG_INFO = INCLUDE_SOURCE;
				MTL_FAST_MATH = YES;
				ONLY_ACTIVE_ARCH = YES;
				SDKROOT = iphoneos;
				SWIFT_ACTIVE_COMPILATION_CONDITIONS = "DEBUG $(inherited)";
				SWIFT_OPTIMIZATION_LEVEL = "-Onone";
			};
			name = Debug;
		};
		034152892E7CFCCC005A85E7 /* Release */ = {
			isa = XCBuildConfiguration;
			buildSettings = {
				ALWAYS_SEARCH_USER_PATHS = NO;
				ASSETCATALOG_COMPILER_GENERATE_SWIFT_ASSET_SYMBOL_EXTENSIONS = YES;
				CLANG_ANALYZER_NONNULL = YES;
				CLANG_ANALYZER_NUMBER_OBJECT_CONVERSION = YES_AGGRESSIVE;
				CLANG_CXX_LANGUAGE_STANDARD = "gnu++20";
				CLANG_ENABLE_MODULES = YES;
				CLANG_ENABLE_OBJC_ARC = YES;
				CLANG_ENABLE_OBJC_WEAK = YES;
				CLANG_WARN_BLOCK_CAPTURE_AUTORELEASING = YES;
				CLANG_WARN_BOOL_CONVERSION = YES;
				CLANG_WARN_COMMA = YES;
				CLANG_WARN_CONSTANT_CONVERSION = YES;
				CLANG_WARN_DEPRECATED_OBJC_IMPLEMENTATIONS = YES;
				CLANG_WARN_DIRECT_OBJC_ISA_USAGE = YES_ERROR;
				CLANG_WARN_DOCUMENTATION_COMMENTS = YES;
				CLANG_WARN_EMPTY_BODY = YES;
				CLANG_WARN_ENUM_CONVERSION = YES;
				CLANG_WARN_INFINITE_RECURSION = YES;
				CLANG_WARN_INT_CONVERSION = YES;
				CLANG_WARN_NON_LITERAL_NULL_CONVERSION = YES;
				CLANG_WARN_OBJC_IMPLICIT_RETAIN_SELF = YES;
				CLANG_WARN_OBJC_LITERAL_CONVERSION = YES;
				CLANG_WARN_OBJC_ROOT_CLASS = YES_ERROR;
				CLANG_WARN_QUOTED_INCLUDE_IN_FRAMEWORK_HEADER = YES;
				CLANG_WARN_RANGE_LOOP_ANALYSIS = YES;
				CLANG_WARN_STRICT_PROTOTYPES = YES;
				CLANG_WARN_SUSPICIOUS_MOVE = YES;
				CLANG_WARN_UNGUARDED_AVAILABILITY = YES_AGGRESSIVE;
				CLANG_WARN_UNREACHABLE_CODE = YES;
				CLANG_WARN__DUPLICATE_METHOD_MATCH = YES;
				COPY_PHASE_STRIP = NO;
				DEBUG_INFORMATION_FORMAT = "dwarf-with-dsym";
				DEVELOPMENT_TEAM = 4ASTQP4ERL;
				ENABLE_NS_ASSERTIONS = NO;
				ENABLE_STRICT_OBJC_MSGSEND = YES;
				ENABLE_USER_SCRIPT_SANDBOXING = YES;
				GCC_C_LANGUAGE_STANDARD = gnu17;
				GCC_NO_COMMON_BLOCKS = YES;
				GCC_WARN_64_TO_32_BIT_CONVERSION = YES;
				GCC_WARN_ABOUT_RETURN_TYPE = YES_ERROR;
				GCC_WARN_UNDECLARED_SELECTOR = YES;
				GCC_WARN_UNINITIALIZED_AUTOS = YES_AGGRESSIVE;
				GCC_WARN_UNUSED_FUNCTION = YES;
				GCC_WARN_UNUSED_VARIABLE = YES;
				IPHONEOS_DEPLOYMENT_TARGET = 18.5;
				LOCALIZATION_PREFERS_STRING_CATALOGS = YES;
				MTL_ENABLE_DEBUG_INFO = NO;
				MTL_FAST_MATH = YES;
				SDKROOT = iphoneos;
				SWIFT_COMPILATION_MODE = wholemodule;
				VALIDATE_PRODUCT = YES;
			};
			name = Release;
		};
		0341528B2E7CFCCC005A85E7 /* Debug */ = {
			isa = XCBuildConfiguration;
			buildSettings = {
				ASSETCATALOG_COMPILER_APPICON_NAME = AppIcon;
				ASSETCATALOG_COMPILER_GLOBAL_ACCENT_COLOR_NAME = AccentColor;
				CODE_SIGN_STYLE = Automatic;
				CURRENT_PROJECT_VERSION = 1;
				DEVELOPMENT_TEAM = 4ASTQP4ERL;
				ENABLE_PREVIEWS = YES;
				GENERATE_INFOPLIST_FILE = YES;
				INFOPLIST_KEY_UIApplicationSceneManifest_Generation = YES;
				INFOPLIST_KEY_UIApplicationSupportsIndirectInputEvents = YES;
				INFOPLIST_KEY_UILaunchScreen_Generation = YES;
				INFOPLIST_KEY_UISupportedInterfaceOrientations_iPad = "UIInterfaceOrientationPortrait UIInterfaceOrientationPortraitUpsideDown UIInterfaceOrientationLandscapeLeft UIInterfaceOrientationLandscapeRight";
				INFOPLIST_KEY_UISupportedInterfaceOrientations_iPhone = "UIInterfaceOrientationPortrait UIInterfaceOrientationLandscapeLeft UIInterfaceOrientationLandscapeRight";
				LD_RUNPATH_SEARCH_PATHS = (
					"$(inherited)",
					"@executable_path/Frameworks",
				);
				MARKETING_VERSION = 1.0;
				PRODUCT_BUNDLE_IDENTIFIER = "rb.ntds.dev.CatLocator-iOS";
				PRODUCT_NAME = "$(TARGET_NAME)";
				SWIFT_EMIT_LOC_STRINGS = YES;
				SWIFT_VERSION = 5.0;
				TARGETED_DEVICE_FAMILY = "1,2";
			};
			name = Debug;
		};
		0341528C2E7CFCCC005A85E7 /* Release */ = {
			isa = XCBuildConfiguration;
			buildSettings = {
				ASSETCATALOG_COMPILER_APPICON_NAME = AppIcon;
				ASSETCATALOG_COMPILER_GLOBAL_ACCENT_COLOR_NAME = AccentColor;
				CODE_SIGN_STYLE = Automatic;
				CURRENT_PROJECT_VERSION = 1;
				DEVELOPMENT_TEAM = 4ASTQP4ERL;
				ENABLE_PREVIEWS = YES;
				GENERATE_INFOPLIST_FILE = YES;
				INFOPLIST_KEY_UIApplicationSceneManifest_Generation = YES;
				INFOPLIST_KEY_UIApplicationSupportsIndirectInputEvents = YES;
				INFOPLIST_KEY_UILaunchScreen_Generation = YES;
				INFOPLIST_KEY_UISupportedInterfaceOrientations_iPad = "UIInterfaceOrientationPortrait UIInterfaceOrientationPortraitUpsideDown UIInterfaceOrientationLandscapeLeft UIInterfaceOrientationLandscapeRight";
				INFOPLIST_KEY_UISupportedInterfaceOrientations_iPhone = "UIInterfaceOrientationPortrait UIInterfaceOrientationLandscapeLeft UIInterfaceOrientationLandscapeRight";
				LD_RUNPATH_SEARCH_PATHS = (
					"$(inherited)",
					"@executable_path/Frameworks",
				);
				MARKETING_VERSION = 1.0;
				PRODUCT_BUNDLE_IDENTIFIER = "rb.ntds.dev.CatLocator-iOS";
				PRODUCT_NAME = "$(TARGET_NAME)";
				SWIFT_EMIT_LOC_STRINGS = YES;
				SWIFT_VERSION = 5.0;
				TARGETED_DEVICE_FAMILY = "1,2";
			};
			name = Release;
		};
		0341528E2E7CFCCC005A85E7 /* Debug */ = {
			isa = XCBuildConfiguration;
			buildSettings = {
				BUNDLE_LOADER = "$(TEST_HOST)";
				CODE_SIGN_STYLE = Automatic;
				CURRENT_PROJECT_VERSION = 1;
				DEVELOPMENT_TEAM = 4ASTQP4ERL;
				GENERATE_INFOPLIST_FILE = YES;
				IPHONEOS_DEPLOYMENT_TARGET = 18.5;
				MARKETING_VERSION = 1.0;
				PRODUCT_BUNDLE_IDENTIFIER = "rb.ntds.dev.CatLocator-iOSTests";
				PRODUCT_NAME = "$(TARGET_NAME)";
				SWIFT_EMIT_LOC_STRINGS = NO;
				SWIFT_VERSION = 5.0;
				TARGETED_DEVICE_FAMILY = "1,2";
				TEST_HOST = "$(BUILT_PRODUCTS_DIR)/CatLocator_iOS.app/$(BUNDLE_EXECUTABLE_FOLDER_PATH)/CatLocator_iOS";
			};
			name = Debug;
		};
		0341528F2E7CFCCC005A85E7 /* Release */ = {
			isa = XCBuildConfiguration;
			buildSettings = {
				BUNDLE_LOADER = "$(TEST_HOST)";
				CODE_SIGN_STYLE = Automatic;
				CURRENT_PROJECT_VERSION = 1;
				DEVELOPMENT_TEAM = 4ASTQP4ERL;
				GENERATE_INFOPLIST_FILE = YES;
				IPHONEOS_DEPLOYMENT_TARGET = 18.5;
				MARKETING_VERSION = 1.0;
				PRODUCT_BUNDLE_IDENTIFIER = "rb.ntds.dev.CatLocator-iOSTests";
				PRODUCT_NAME = "$(TARGET_NAME)";
				SWIFT_EMIT_LOC_STRINGS = NO;
				SWIFT_VERSION = 5.0;
				TARGETED_DEVICE_FAMILY = "1,2";
				TEST_HOST = "$(BUILT_PRODUCTS_DIR)/CatLocator_iOS.app/$(BUNDLE_EXECUTABLE_FOLDER_PATH)/CatLocator_iOS";
			};
			name = Release;
		};
		034152912E7CFCCC005A85E7 /* Debug */ = {
			isa = XCBuildConfiguration;
			buildSettings = {
				CODE_SIGN_STYLE = Automatic;
				CURRENT_PROJECT_VERSION = 1;
				DEVELOPMENT_TEAM = 4ASTQP4ERL;
				GENERATE_INFOPLIST_FILE = YES;
				MARKETING_VERSION = 1.0;
				PRODUCT_BUNDLE_IDENTIFIER = "rb.ntds.dev.CatLocator-iOSUITests";
				PRODUCT_NAME = "$(TARGET_NAME)";
				SWIFT_EMIT_LOC_STRINGS = NO;
				SWIFT_VERSION = 5.0;
				TARGETED_DEVICE_FAMILY = "1,2";
				TEST_TARGET_NAME = CatLocator_iOS;
			};
			name = Debug;
		};
		034152922E7CFCCC005A85E7 /* Release */ = {
			isa = XCBuildConfiguration;
			buildSettings = {
				CODE_SIGN_STYLE = Automatic;
				CURRENT_PROJECT_VERSION = 1;
				DEVELOPMENT_TEAM = 4ASTQP4ERL;
				GENERATE_INFOPLIST_FILE = YES;
				MARKETING_VERSION = 1.0;
				PRODUCT_BUNDLE_IDENTIFIER = "rb.ntds.dev.CatLocator-iOSUITests";
				PRODUCT_NAME = "$(TARGET_NAME)";
				SWIFT_EMIT_LOC_STRINGS = NO;
				SWIFT_VERSION = 5.0;
				TARGETED_DEVICE_FAMILY = "1,2";
				TEST_TARGET_NAME = CatLocator_iOS;
			};
			name = Release;
		};
/* End XCBuildConfiguration section */

/* Begin XCConfigurationList section */
		0341525F2E7CFCCB005A85E7 /* Build configuration list for PBXProject "CatLocator_iOS" */ = {
			isa = XCConfigurationList;
			buildConfigurations = (
				034152882E7CFCCC005A85E7 /* Debug */,
				034152892E7CFCCC005A85E7 /* Release */,
			);
			defaultConfigurationIsVisible = 0;
			defaultConfigurationName = Release;
		};
		0341528A2E7CFCCC005A85E7 /* Build configuration list for PBXNativeTarget "CatLocator_iOS" */ = {
			isa = XCConfigurationList;
			buildConfigurations = (
				0341528B2E7CFCCC005A85E7 /* Debug */,
				0341528C2E7CFCCC005A85E7 /* Release */,
			);
			defaultConfigurationIsVisible = 0;
			defaultConfigurationName = Release;
		};
		0341528D2E7CFCCC005A85E7 /* Build configuration list for PBXNativeTarget "CatLocator_iOSTests" */ = {
			isa = XCConfigurationList;
			buildConfigurations = (
				0341528E2E7CFCCC005A85E7 /* Debug */,
				0341528F2E7CFCCC005A85E7 /* Release */,
			);
			defaultConfigurationIsVisible = 0;
			defaultConfigurationName = Release;
		};
		034152902E7CFCCC005A85E7 /* Build configuration list for PBXNativeTarget "CatLocator_iOSUITests" */ = {
			isa = XCConfigurationList;
			buildConfigurations = (
				034152912E7CFCCC005A85E7 /* Debug */,
				034152922E7CFCCC005A85E7 /* Release */,
			);
			defaultConfigurationIsVisible = 0;
			defaultConfigurationName = Release;
		};
/* End XCConfigurationList section */
	};
	rootObject = 0341525C2E7CFCCB005A85E7 /* Project object */;
}
